// !$*UTF8*$!
{
	archiveVersion = 1;
	classes = {
	};
	objectVersion = 46;
	objects = {

/* Begin PBXBuildFile section */
		13FB4CC2B81F709F9CB6C049 /* CoreAudio.framework */ = {isa = PBXBuildFile; fileRef = 6D0B3FDA311C8EC1E027C65B; };
		2F219BB27A6111CED014A5EE /* Carbon.framework */ = {isa = PBXBuildFile; fileRef = 36319A97E3013CFE0F2508C4; };
		3E04A9C9463B9300FE457135 /* CoreMIDI.framework */ = {isa = PBXBuildFile; fileRef = 7987A158914D7CD65A762681; };
		4DBF0E781948035D5C52922A /* CoreAudioKit.framework */ = {isa = PBXBuildFile; fileRef = DAF6B17731BA3FEE53474562; };
		51CAD0512182A40B89FE2F27 /* include_juce_core.mm */ = {isa = PBXBuildFile; fileRef = D3124A37886318959A4CAE9D; };
		54BCE9A84230FA0E457D0118 /* WebKit.framework */ = {isa = PBXBuildFile; fileRef = 3AF8711772EE028F10E679E6; };
		6A255FAB88B420BF2B05B8B7 /* include_juce_graphics.mm */ = {isa = PBXBuildFile; fileRef = C4CE1A23BF3F67BCDC6266A4; };
		75D91417910F1F010C7CA6D9 /* include_juce_audio_formats.mm */ = {isa = PBXBuildFile; fileRef = 2C0B3D1CC4C8AE1CECA676BB; };
		799BBFB146A7477CEE0D638D /* AudioToolbox.framework */ = {isa = PBXBuildFile; fileRef = 19E187B5C7F24CABF6295DEE; };
		7E9A2E08AA01979175959B67 /* include_juce_audio_utils.mm */ = {isa = PBXBuildFile; fileRef = FFAE4379D571A416847DB5DC; };
		7F52C6B70ED7EED75F86503E /* IOKit.framework */ = {isa = PBXBuildFile; fileRef = BF6C62E3AB2EEF8559D65CF0; };
		892617C1A0262A55B551C784 /* App */ = {isa = PBXBuildFile; fileRef = F6D86FA84D512148022E5F30; };
		89743184F40F1E78C38EC27F /* include_juce_audio_devices.mm */ = {isa = PBXBuildFile; fileRef = E8C5596C2239A458AFE0053C; };
		904FFEFC0B454944F8B2F531 /* DiscRecording.framework */ = {isa = PBXBuildFile; fileRef = 80745E95456F1965E3104F36; };
		9BBA0E275D5637A6D79AB9BB /* include_juce_audio_basics.mm */ = {isa = PBXBuildFile; fileRef = DC3792D4A4D56C90CC14C50B; };
		9C971F054CC1DF786E2B6EB2 /* RecentFilesMenuTemplate.nib */ = {isa = PBXBuildFile; fileRef = EEA106297FD3055F8EA8273C; };
		A53465045C0D194533D6AC1C /* include_juce_gui_basics.mm */ = {isa = PBXBuildFile; fileRef = A148DE02BEB92DCB98CDAB60; };
		ABC4972918D3F3B2FA7CE9A2 /* include_juce_data_structures.mm */ = {isa = PBXBuildFile; fileRef = 73572251C42F75EE6EA50DD0; };
		BE2ECBE33D2107BCEC6FF48D /* Main.cpp */ = {isa = PBXBuildFile; fileRef = 4D397A6807BD5E98C08F7AB0; };
		C0D8E46C3D305749CB9B5DDC /* Accelerate.framework */ = {isa = PBXBuildFile; fileRef = 10E375D4B5FD27F8B197BA5E; };
		C53AE3B3EEFDCD26FC07F79E /* Cocoa.framework */ = {isa = PBXBuildFile; fileRef = D6440ACD710B729A493E020B; };
		D1FB8EB1EDCD779BD8AB308C /* include_juce_gui_extra.mm */ = {isa = PBXBuildFile; fileRef = 1FDA5A5DD7F57E7DCFE70837; };
		E3D993D1BF7289077D868E87 /* include_juce_audio_processors.mm */ = {isa = PBXBuildFile; fileRef = 05D30371E4E7008756123E3C; };
		F1041CF55F6EDA8D4C0E0657 /* Foundation.framework */ = {isa = PBXBuildFile; fileRef = 862AD60C75664E794E098EF5; };
		F2CFD34A769A5DE8FDE16B74 /* include_juce_events.mm */ = {isa = PBXBuildFile; fileRef = CC64F95C9E15A17A2CBA44DA; };
		FE8E47790BD83A9034CD3D1C /* QuartzCore.framework */ = {isa = PBXBuildFile; fileRef = D8FA792A95E7BC78D6000675; };
/* End PBXBuildFile section */

/* Begin PBXFileReference section */
		05D30371E4E7008756123E3C /* include_juce_audio_processors.mm */ /* include_juce_audio_processors.mm */ = {isa = PBXFileReference; lastKnownFileType = sourcecode.cpp.objcpp; name = include_juce_audio_processors.mm; path = ../../JuceLibraryCode/include_juce_audio_processors.mm; sourceTree = SOURCE_ROOT; };
		0946BC36A2A86A0212C67074 /* juce_gui_basics */ /* juce_gui_basics */ = {isa = PBXFileReference; lastKnownFileType = folder; name = juce_gui_basics; path = /Applications/JUCE/modules/juce_gui_basics; sourceTree = "<absolute>"; };
		10E375D4B5FD27F8B197BA5E /* Accelerate.framework */ /* Accelerate.framework */ = {isa = PBXFileReference; lastKnownFileType = wrapper.framework; name = Accelerate.framework; path = System/Library/Frameworks/Accelerate.framework; sourceTree = SDKROOT; };
		19E187B5C7F24CABF6295DEE /* AudioToolbox.framework */ /* AudioToolbox.framework */ = {isa = PBXFileReference; lastKnownFileType = wrapper.framework; name = AudioToolbox.framework; path = System/Library/Frameworks/AudioToolbox.framework; sourceTree = SDKROOT; };
		1FDA5A5DD7F57E7DCFE70837 /* include_juce_gui_extra.mm */ /* include_juce_gui_extra.mm */ = {isa = PBXFileReference; lastKnownFileType = sourcecode.cpp.objcpp; name = include_juce_gui_extra.mm; path = ../../JuceLibraryCode/include_juce_gui_extra.mm; sourceTree = SOURCE_ROOT; };
		2C0B3D1CC4C8AE1CECA676BB /* include_juce_audio_formats.mm */ /* include_juce_audio_formats.mm */ = {isa = PBXFileReference; lastKnownFileType = sourcecode.cpp.objcpp; name = include_juce_audio_formats.mm; path = ../../JuceLibraryCode/include_juce_audio_formats.mm; sourceTree = SOURCE_ROOT; };
		36319A97E3013CFE0F2508C4 /* Carbon.framework */ /* Carbon.framework */ = {isa = PBXFileReference; lastKnownFileType = wrapper.framework; name = Carbon.framework; path = System/Library/Frameworks/Carbon.framework; sourceTree = SDKROOT; };
		3AF8711772EE028F10E679E6 /* WebKit.framework */ /* WebKit.framework */ = {isa = PBXFileReference; lastKnownFileType = wrapper.framework; name = WebKit.framework; path = System/Library/Frameworks/WebKit.framework; sourceTree = SDKROOT; };
		4D397A6807BD5E98C08F7AB0 /* Main.cpp */ /* Main.cpp */ = {isa = PBXFileReference; lastKnownFileType = sourcecode.cpp.cpp; name = Main.cpp; path = ../../Source/Main.cpp; sourceTree = SOURCE_ROOT; };
		4DD721D499BB10B2F9023E43 /* juce_events */ /* juce_events */ = {isa = PBXFileReference; lastKnownFileType = folder; name = juce_events; path = /Applications/JUCE/modules/juce_events; sourceTree = "<absolute>"; };
		5C727DF0A38230F9B6A9AEB0 /* Info-App.plist */ /* Info-App.plist */ = {isa = PBXFileReference; lastKnownFileType = text.plist.xml; name = "Info-App.plist"; path = "Info-App.plist"; sourceTree = SOURCE_ROOT; };
		5EEC6A7B9B0B3C388435ED0A /* juce_audio_formats */ /* juce_audio_formats */ = {isa = PBXFileReference; lastKnownFileType = folder; name = juce_audio_formats; path = /Applications/JUCE/modules/juce_audio_formats; sourceTree = "<absolute>"; };
		6D0B3FDA311C8EC1E027C65B /* CoreAudio.framework */ /* CoreAudio.framework */ = {isa = PBXFileReference; lastKnownFileType = wrapper.framework; name = CoreAudio.framework; path = System/Library/Frameworks/CoreAudio.framework; sourceTree = SDKROOT; };
		73572251C42F75EE6EA50DD0 /* include_juce_data_structures.mm */ /* include_juce_data_structures.mm */ = {isa = PBXFileReference; lastKnownFileType = sourcecode.cpp.objcpp; name = include_juce_data_structures.mm; path = ../../JuceLibraryCode/include_juce_data_structures.mm; sourceTree = SOURCE_ROOT; };
		7987A158914D7CD65A762681 /* CoreMIDI.framework */ /* CoreMIDI.framework */ = {isa = PBXFileReference; lastKnownFileType = wrapper.framework; name = CoreMIDI.framework; path = System/Library/Frameworks/CoreMIDI.framework; sourceTree = SDKROOT; };
		7BAE6AD6C13E75A5A54574A2 /* juce_audio_basics */ /* juce_audio_basics */ = {isa = PBXFileReference; lastKnownFileType = folder; name = juce_audio_basics; path = /Applications/JUCE/modules/juce_audio_basics; sourceTree = "<absolute>"; };
		7C5605F170AACE3A4CA641D7 /* juce_audio_devices */ /* juce_audio_devices */ = {isa = PBXFileReference; lastKnownFileType = folder; name = juce_audio_devices; path = /Applications/JUCE/modules/juce_audio_devices; sourceTree = "<absolute>"; };
		80745E95456F1965E3104F36 /* DiscRecording.framework */ /* DiscRecording.framework */ = {isa = PBXFileReference; lastKnownFileType = wrapper.framework; name = DiscRecording.framework; path = System/Library/Frameworks/DiscRecording.framework; sourceTree = SDKROOT; };
		862AD60C75664E794E098EF5 /* Foundation.framework */ /* Foundation.framework */ = {isa = PBXFileReference; lastKnownFileType = wrapper.framework; name = Foundation.framework; path = System/Library/Frameworks/Foundation.framework; sourceTree = SDKROOT; };
		86826C4122325E29464D2AF1 /* juce_data_structures */ /* juce_data_structures */ = {isa = PBXFileReference; lastKnownFileType = folder; name = juce_data_structures; path = /Applications/JUCE/modules/juce_data_structures; sourceTree = "<absolute>"; };
		A148DE02BEB92DCB98CDAB60 /* include_juce_gui_basics.mm */ /* include_juce_gui_basics.mm */ = {isa = PBXFileReference; lastKnownFileType = sourcecode.cpp.objcpp; name = include_juce_gui_basics.mm; path = ../../JuceLibraryCode/include_juce_gui_basics.mm; sourceTree = SOURCE_ROOT; };
		B0BC279709B4FAD3A1DCCC68 /* SimpleSynthNoiseTutorial_01.h */ /* SimpleSynthNoiseTutorial_01.h */ = {isa = PBXFileReference; lastKnownFileType = sourcecode.c.h; name = SimpleSynthNoiseTutorial_01.h; path = ../../Source/SimpleSynthNoiseTutorial_01.h; sourceTree = SOURCE_ROOT; };
		BB04D3D9706402EE77A79726 /* juce_audio_processors */ /* juce_audio_processors */ = {isa = PBXFileReference; lastKnownFileType = folder; name = juce_audio_processors; path = /Applications/JUCE/modules/juce_audio_processors; sourceTree = "<absolute>"; };
		BF6C62E3AB2EEF8559D65CF0 /* IOKit.framework */ /* IOKit.framework */ = {isa = PBXFileReference; lastKnownFileType = wrapper.framework; name = IOKit.framework; path = System/Library/Frameworks/IOKit.framework; sourceTree = SDKROOT; };
		C4426807B848386897D53435 /* juce_core */ /* juce_core */ = {isa = PBXFileReference; lastKnownFileType = folder; name = juce_core; path = /Applications/JUCE/modules/juce_core; sourceTree = "<absolute>"; };
		C4CE1A23BF3F67BCDC6266A4 /* include_juce_graphics.mm */ /* include_juce_graphics.mm */ = {isa = PBXFileReference; lastKnownFileType = sourcecode.cpp.objcpp; name = include_juce_graphics.mm; path = ../../JuceLibraryCode/include_juce_graphics.mm; sourceTree = SOURCE_ROOT; };
		C9AC5DF8C1BD305F53B77A56 /* juce_audio_utils */ /* juce_audio_utils */ = {isa = PBXFileReference; lastKnownFileType = folder; name = juce_audio_utils; path = /Applications/JUCE/modules/juce_audio_utils; sourceTree = "<absolute>"; };
		CC64F95C9E15A17A2CBA44DA /* include_juce_events.mm */ /* include_juce_events.mm */ = {isa = PBXFileReference; lastKnownFileType = sourcecode.cpp.objcpp; name = include_juce_events.mm; path = ../../JuceLibraryCode/include_juce_events.mm; sourceTree = SOURCE_ROOT; };
		D3124A37886318959A4CAE9D /* include_juce_core.mm */ /* include_juce_core.mm */ = {isa = PBXFileReference; lastKnownFileType = sourcecode.cpp.objcpp; name = include_juce_core.mm; path = ../../JuceLibraryCode/include_juce_core.mm; sourceTree = SOURCE_ROOT; };
		D5F39048402BA3026DA5A576 /* juce_graphics */ /* juce_graphics */ = {isa = PBXFileReference; lastKnownFileType = folder; name = juce_graphics; path = /Applications/JUCE/modules/juce_graphics; sourceTree = "<absolute>"; };
		D6440ACD710B729A493E020B /* Cocoa.framework */ /* Cocoa.framework */ = {isa = PBXFileReference; lastKnownFileType = wrapper.framework; name = Cocoa.framework; path = System/Library/Frameworks/Cocoa.framework; sourceTree = SDKROOT; };
		D8FA792A95E7BC78D6000675 /* QuartzCore.framework */ /* QuartzCore.framework */ = {isa = PBXFileReference; lastKnownFileType = wrapper.framework; name = QuartzCore.framework; path = System/Library/Frameworks/QuartzCore.framework; sourceTree = SDKROOT; };
		DAF6B17731BA3FEE53474562 /* CoreAudioKit.framework */ /* CoreAudioKit.framework */ = {isa = PBXFileReference; lastKnownFileType = wrapper.framework; name = CoreAudioKit.framework; path = System/Library/Frameworks/CoreAudioKit.framework; sourceTree = SDKROOT; };
		DC3792D4A4D56C90CC14C50B /* include_juce_audio_basics.mm */ /* include_juce_audio_basics.mm */ = {isa = PBXFileReference; lastKnownFileType = sourcecode.cpp.objcpp; name = include_juce_audio_basics.mm; path = ../../JuceLibraryCode/include_juce_audio_basics.mm; sourceTree = SOURCE_ROOT; };
		E8C5596C2239A458AFE0053C /* include_juce_audio_devices.mm */ /* include_juce_audio_devices.mm */ = {isa = PBXFileReference; lastKnownFileType = sourcecode.cpp.objcpp; name = include_juce_audio_devices.mm; path = ../../JuceLibraryCode/include_juce_audio_devices.mm; sourceTree = SOURCE_ROOT; };
		EA681C55ECAC0B26422C38BD /* JuceHeader.h */ /* JuceHeader.h */ = {isa = PBXFileReference; lastKnownFileType = sourcecode.c.h; name = JuceHeader.h; path = ../../JuceLibraryCode/JuceHeader.h; sourceTree = SOURCE_ROOT; };
		EEA106297FD3055F8EA8273C /* RecentFilesMenuTemplate.nib */ /* RecentFilesMenuTemplate.nib */ = {isa = PBXFileReference; lastKnownFileType = file.nib; name = RecentFilesMenuTemplate.nib; path = RecentFilesMenuTemplate.nib; sourceTree = SOURCE_ROOT; };
		F58921BD5F7F917CC296F576 /* juce_gui_extra */ /* juce_gui_extra */ = {isa = PBXFileReference; lastKnownFileType = folder; name = juce_gui_extra; path = /Applications/JUCE/modules/juce_gui_extra; sourceTree = "<absolute>"; };
		F6D86FA84D512148022E5F30 /* App */ = {isa = PBXFileReference; explicitFileType = wrapper.application; includeInIndex = 0; path = SimpleSynthNoiseTutorial.app; sourceTree = BUILT_PRODUCTS_DIR; };
		FFAE4379D571A416847DB5DC /* include_juce_audio_utils.mm */ /* include_juce_audio_utils.mm */ = {isa = PBXFileReference; lastKnownFileType = sourcecode.cpp.objcpp; name = include_juce_audio_utils.mm; path = ../../JuceLibraryCode/include_juce_audio_utils.mm; sourceTree = SOURCE_ROOT; };
/* End PBXFileReference section */

/* Begin PBXFrameworksBuildPhase section */
		E0C2E15C765CBD676A09EACD = {
			isa = PBXFrameworksBuildPhase;
			buildActionMask = 2147483647;
			files = (
				C0D8E46C3D305749CB9B5DDC,
				799BBFB146A7477CEE0D638D,
				2F219BB27A6111CED014A5EE,
				C53AE3B3EEFDCD26FC07F79E,
				13FB4CC2B81F709F9CB6C049,
				4DBF0E781948035D5C52922A,
				3E04A9C9463B9300FE457135,
				904FFEFC0B454944F8B2F531,
				F1041CF55F6EDA8D4C0E0657,
				7F52C6B70ED7EED75F86503E,
				FE8E47790BD83A9034CD3D1C,
				54BCE9A84230FA0E457D0118,
			);
			runOnlyForDeploymentPostprocessing = 0;
		};
/* End PBXFrameworksBuildPhase section */

/* Begin PBXGroup section */
		18A6DB248153BF736A051B9A /* Source */ = {
			isa = PBXGroup;
			children = (
				78D9D00E634B2CACF2AD54E7,
				B80BEF7E3AF4CA0E0F1DB39A,
				A06663F02CB2D444C868B810,
				BA5A4FC2F7D368233ADF96AF,
				D5FC92D87DE5AA074E4FAF3D,
				7FEF1C92542B20068243B5AC,
			);
			name = Source;
			sourceTree = "<group>";
		};
		647C9D64D741FD6F29673555 /* Source */ = {
			isa = PBXGroup;
			children = (
				4D397A6807BD5E98C08F7AB0,
				B0BC279709B4FAD3A1DCCC68,
			);
			name = Source;
			sourceTree = "<group>";
		};
		78D9D00E634B2CACF2AD54E7 /* SimpleSynthNoiseTutorial */ = {
			isa = PBXGroup;
			children = (
				647C9D64D741FD6F29673555,
			);
			name = SimpleSynthNoiseTutorial;
			sourceTree = "<group>";
		};
		7FEF1C92542B20068243B5AC /* Products */ = {
			isa = PBXGroup;
			children = (
				F6D86FA84D512148022E5F30,
			);
			name = Products;
			sourceTree = "<group>";
		};
		A06663F02CB2D444C868B810 /* JUCE Library Code */ = {
			isa = PBXGroup;
			children = (
				DC3792D4A4D56C90CC14C50B,
				E8C5596C2239A458AFE0053C,
				2C0B3D1CC4C8AE1CECA676BB,
				05D30371E4E7008756123E3C,
				FFAE4379D571A416847DB5DC,
				D3124A37886318959A4CAE9D,
				73572251C42F75EE6EA50DD0,
				CC64F95C9E15A17A2CBA44DA,
				C4CE1A23BF3F67BCDC6266A4,
				A148DE02BEB92DCB98CDAB60,
				1FDA5A5DD7F57E7DCFE70837,
				EA681C55ECAC0B26422C38BD,
			);
			name = "JUCE Library Code";
			sourceTree = "<group>";
		};
		B80BEF7E3AF4CA0E0F1DB39A /* JUCE Modules */ = {
			isa = PBXGroup;
			children = (
				7BAE6AD6C13E75A5A54574A2,
				7C5605F170AACE3A4CA641D7,
				5EEC6A7B9B0B3C388435ED0A,
				BB04D3D9706402EE77A79726,
				C9AC5DF8C1BD305F53B77A56,
				C4426807B848386897D53435,
				86826C4122325E29464D2AF1,
				4DD721D499BB10B2F9023E43,
				D5F39048402BA3026DA5A576,
				0946BC36A2A86A0212C67074,
				F58921BD5F7F917CC296F576,
			);
			name = "JUCE Modules";
			sourceTree = "<group>";
		};
		BA5A4FC2F7D368233ADF96AF /* Resources */ = {
			isa = PBXGroup;
			children = (
				5C727DF0A38230F9B6A9AEB0,
				EEA106297FD3055F8EA8273C,
			);
			name = Resources;
			sourceTree = "<group>";
		};
		D5FC92D87DE5AA074E4FAF3D /* Frameworks */ = {
			isa = PBXGroup;
			children = (
				10E375D4B5FD27F8B197BA5E,
				19E187B5C7F24CABF6295DEE,
				36319A97E3013CFE0F2508C4,
				D6440ACD710B729A493E020B,
				6D0B3FDA311C8EC1E027C65B,
				DAF6B17731BA3FEE53474562,
				7987A158914D7CD65A762681,
				80745E95456F1965E3104F36,
				862AD60C75664E794E098EF5,
				BF6C62E3AB2EEF8559D65CF0,
				D8FA792A95E7BC78D6000675,
				3AF8711772EE028F10E679E6,
			);
			name = Frameworks;
			sourceTree = "<group>";
		};
/* End PBXGroup section */

/* Begin PBXNativeTarget section */
		B44A3DA9B379BC1A06207956 /* SimpleSynthNoiseTutorial - App */ = {
			isa = PBXNativeTarget;
			buildConfigurationList = 2D1C657A84B1D3552058849A;
			buildPhases = (
				742654A45D2D5A3F9A41F1E0,
				7A8C130F050FF818454D3EF2,
				E0C2E15C765CBD676A09EACD,
			);
			buildRules = (
			);
			dependencies = (
			);
			name = "SimpleSynthNoiseTutorial - App";
			productName = SimpleSynthNoiseTutorial;
			productReference = F6D86FA84D512148022E5F30;
			productType = "com.apple.product-type.application";
		};
/* End PBXNativeTarget section */

/* Begin PBXProject section */
		9E1542D12773D292B543441F = {
			isa = PBXProject;
			attributes = {
				LastUpgradeCheck = 1310;
				ORGANIZATIONNAME = "JUCE";
				TargetAttributes = {
					B44A3DA9B379BC1A06207956 = {
						SystemCapabilities = {
							com.apple.ApplicationGroups.iOS = {
								enabled = 0;
							};
							com.apple.HardenedRuntime = {
								enabled = 0;
							};
							com.apple.InAppPurchase = {
								enabled = 0;
							};
							com.apple.InterAppAudio = {
								enabled = 0;
							};
							com.apple.Push = {
								enabled = 0;
							};
							com.apple.Sandbox = {
								enabled = 0;
							};
						};
					};
				};
			};
			buildConfigurationList = CE112F5873EEE865115BD782;
			compatibilityVersion = "Xcode 3.2";
			hasScannedForEncodings = 0;
			knownRegions = (
				en,
				Base,
			);
			mainGroup = 18A6DB248153BF736A051B9A;
			projectDirPath = "";
			projectRoot = "";
			targets = (
				B44A3DA9B379BC1A06207956,
			);
		};
/* End PBXProject section */

/* Begin PBXResourcesBuildPhase section */
		742654A45D2D5A3F9A41F1E0 = {
			isa = PBXResourcesBuildPhase;
			buildActionMask = 2147483647;
			files = (
				9C971F054CC1DF786E2B6EB2,
			);
			runOnlyForDeploymentPostprocessing = 0;
		};
/* End PBXResourcesBuildPhase section */

/* Begin PBXSourcesBuildPhase section */
		7A8C130F050FF818454D3EF2 = {
			isa = PBXSourcesBuildPhase;
			buildActionMask = 2147483647;
			files = (
				BE2ECBE33D2107BCEC6FF48D,
				9BBA0E275D5637A6D79AB9BB,
				89743184F40F1E78C38EC27F,
				75D91417910F1F010C7CA6D9,
				E3D993D1BF7289077D868E87,
				7E9A2E08AA01979175959B67,
				51CAD0512182A40B89FE2F27,
				ABC4972918D3F3B2FA7CE9A2,
				F2CFD34A769A5DE8FDE16B74,
				6A255FAB88B420BF2B05B8B7,
				A53465045C0D194533D6AC1C,
				D1FB8EB1EDCD779BD8AB308C,
			);
			runOnlyForDeploymentPostprocessing = 0;
		};
/* End PBXSourcesBuildPhase section */

/* Begin XCBuildConfiguration section */
		1817F747A3C0D930A5CBB98B /* Debug */ = {
			isa = XCBuildConfiguration;
			buildSettings = {
				CLANG_CXX_LANGUAGE_STANDARD = "c++14";
				CLANG_CXX_LIBRARY = "libc++";
				CLANG_LINK_OBJC_RUNTIME = NO;
				CODE_SIGN_IDENTITY = "-";
				CODE_SIGN_STYLE = Manual;
				COMBINE_HIDPI_IMAGES = YES;
				CONFIGURATION_BUILD_DIR = "$(PROJECT_DIR)/build/$(CONFIGURATION)";
				COPY_PHASE_STRIP = NO;
				EXCLUDED_ARCHS = "";
				GCC_DYNAMIC_NO_PIC = NO;
				GCC_OPTIMIZATION_LEVEL = 0;
				GCC_PREPROCESSOR_DEFINITIONS = (
					"_DEBUG=1",
					"DEBUG=1",
					"JUCE_DISPLAY_SPLASH_SCREEN=0",
					"JUCE_USE_DARK_SPLASH_SCREEN=1",
					"JUCE_PROJUCER_VERSION=0x60103",
					"JUCE_MODULE_AVAILABLE_juce_audio_basics=1",
					"JUCE_MODULE_AVAILABLE_juce_audio_devices=1",
					"JUCE_MODULE_AVAILABLE_juce_audio_formats=1",
					"JUCE_MODULE_AVAILABLE_juce_audio_processors=1",
					"JUCE_MODULE_AVAILABLE_juce_audio_utils=1",
					"JUCE_MODULE_AVAILABLE_juce_core=1",
					"JUCE_MODULE_AVAILABLE_juce_data_structures=1",
					"JUCE_MODULE_AVAILABLE_juce_events=1",
					"JUCE_MODULE_AVAILABLE_juce_graphics=1",
					"JUCE_MODULE_AVAILABLE_juce_gui_basics=1",
					"JUCE_MODULE_AVAILABLE_juce_gui_extra=1",
					"JUCE_GLOBAL_MODULE_SETTINGS_INCLUDED=1",
					"JUCE_STANDALONE_APPLICATION=1",
					"JUCER_XCODE_MAC_F6D2F4CF=1",
					"JUCE_APP_VERSION=1.0.0",
					"JUCE_APP_VERSION_HEX=0x10000",
					"JucePlugin_Build_VST=0",
					"JucePlugin_Build_VST3=0",
					"JucePlugin_Build_AU=0",
					"JucePlugin_Build_AUv3=0",
					"JucePlugin_Build_RTAS=0",
					"JucePlugin_Build_AAX=0",
					"JucePlugin_Build_Standalone=0",
					"JucePlugin_Build_Unity=0",
				);
				GCC_VERSION = com.apple.compilers.llvm.clang.1_0;
				HEADER_SEARCH_PATHS = (
					"$(SRCROOT)/../../JuceLibraryCode",
					"/Applications/JUCE/modules",
					"$(inherited)",
				);
				INFOPLIST_FILE = Info-App.plist;
				INFOPLIST_PREPROCESS = NO;
				INSTALL_PATH = "$(HOME)/Applications";
				MACOSX_DEPLOYMENT_TARGET = 10.11;
				MTL_HEADER_SEARCH_PATHS = "$(SRCROOT)/../../JuceLibraryCode /Applications/JUCE/modules";
				PRODUCT_BUNDLE_IDENTIFIER = com.JUCE.SimpleSynthNoiseTutorial;
				PRODUCT_NAME = "SimpleSynthNoiseTutorial";
				PROVISIONING_PROFILE_SPECIFIER = "";
				USE_HEADERMAP = NO;
				VALID_ARCHS = "i386 x86_64 arm64 arm64e";
			};
			name = Debug;
		};
		1E258E8DD5F2A08474514B82 /* Debug */ = {
			isa = XCBuildConfiguration;
			buildSettings = {
				ALWAYS_SEARCH_USER_PATHS = NO;
				CLANG_ENABLE_OBJC_WEAK = YES;
				CLANG_WARN_BLOCK_CAPTURE_AUTORELEASING = YES;
				CLANG_WARN_BOOL_CONVERSION = YES;
				CLANG_WARN_COMMA = YES;
				CLANG_WARN_CONSTANT_CONVERSION = YES;
				CLANG_WARN_DEPRECATED_OBJC_IMPLEMENTATIONS = YES;
				CLANG_WARN_EMPTY_BODY = YES;
				CLANG_WARN_ENUM_CONVERSION = YES;
				CLANG_WARN_INFINITE_RECURSION = YES;
				CLANG_WARN_INT_CONVERSION = YES;
				CLANG_WARN_NON_LITERAL_NULL_CONVERSION = YES;
				CLANG_WARN_OBJC_IMPLICIT_RETAIN_SELF = YES;
				CLANG_WARN_OBJC_LITERAL_CONVERSION = YES;
				CLANG_WARN_RANGE_LOOP_ANALYSIS = YES;
				CLANG_WARN_STRICT_PROTOTYPES = YES;
				CLANG_WARN_SUSPICIOUS_MOVE = YES;
				CLANG_WARN_UNREACHABLE_CODE = YES;
				CLANG_WARN__DUPLICATE_METHOD_MATCH = YES;
				CODE_SIGN_IDENTITY = "-";
				DEBUG_INFORMATION_FORMAT = dwarf;
				ENABLE_STRICT_OBJC_MSGSEND = YES;
				ENABLE_TESTABILITY = NO;
				GCC_C_LANGUAGE_STANDARD = c11;
				GCC_INLINES_ARE_PRIVATE_EXTERN = YES;
				GCC_MODEL_TUNING = G5;
				GCC_NO_COMMON_BLOCKS = YES;
				GCC_SYMBOLS_PRIVATE_EXTERN = YES;
				GCC_WARN_64_TO_32_BIT_CONVERSION = YES;
				GCC_WARN_ABOUT_RETURN_TYPE = YES;
				GCC_WARN_CHECK_SWITCH_STATEMENTS = YES;
				GCC_WARN_MISSING_PARENTHESES = YES;
				GCC_WARN_NON_VIRTUAL_DESTRUCTOR = YES;
				GCC_WARN_TYPECHECK_CALLS_TO_PRINTF = YES;
				GCC_WARN_UNDECLARED_SELECTOR = YES;
				GCC_WARN_UNINITIALIZED_AUTOS = YES;
				GCC_WARN_UNUSED_FUNCTION = YES;
				GCC_WARN_UNUSED_VARIABLE = YES;
				ONLY_ACTIVE_ARCH = YES;
				PRODUCT_NAME = "SimpleSynthNoiseTutorial";
				SDKROOT = macosx;
				WARNING_CFLAGS = "-Wreorder";
				ZERO_LINK = NO;
			};
			name = Debug;
		};
		71905C31B1BF54DEE8CDFF64 /* Release */ = {
			isa = XCBuildConfiguration;
			buildSettings = {
				CLANG_CXX_LANGUAGE_STANDARD = "c++14";
				CLANG_CXX_LIBRARY = "libc++";
				CLANG_LINK_OBJC_RUNTIME = NO;
				CODE_SIGN_IDENTITY = "-";
				CODE_SIGN_STYLE = Manual;
				COMBINE_HIDPI_IMAGES = YES;
				CONFIGURATION_BUILD_DIR = "$(PROJECT_DIR)/build/$(CONFIGURATION)";
				DEAD_CODE_STRIPPING = YES;
				EXCLUDED_ARCHS = "";
				GCC_GENERATE_DEBUGGING_SYMBOLS = NO;
				GCC_OPTIMIZATION_LEVEL = 3;
				GCC_PREPROCESSOR_DEFINITIONS = (
					"_NDEBUG=1",
					"NDEBUG=1",
					"JUCE_DISPLAY_SPLASH_SCREEN=0",
					"JUCE_USE_DARK_SPLASH_SCREEN=1",
					"JUCE_PROJUCER_VERSION=0x60103",
					"JUCE_MODULE_AVAILABLE_juce_audio_basics=1",
					"JUCE_MODULE_AVAILABLE_juce_audio_devices=1",
					"JUCE_MODULE_AVAILABLE_juce_audio_formats=1",
					"JUCE_MODULE_AVAILABLE_juce_audio_processors=1",
					"JUCE_MODULE_AVAILABLE_juce_audio_utils=1",
					"JUCE_MODULE_AVAILABLE_juce_core=1",
					"JUCE_MODULE_AVAILABLE_juce_data_structures=1",
					"JUCE_MODULE_AVAILABLE_juce_events=1",
					"JUCE_MODULE_AVAILABLE_juce_graphics=1",
					"JUCE_MODULE_AVAILABLE_juce_gui_basics=1",
					"JUCE_MODULE_AVAILABLE_juce_gui_extra=1",
					"JUCE_GLOBAL_MODULE_SETTINGS_INCLUDED=1",
					"JUCE_STANDALONE_APPLICATION=1",
					"JUCER_XCODE_MAC_F6D2F4CF=1",
					"JUCE_APP_VERSION=1.0.0",
					"JUCE_APP_VERSION_HEX=0x10000",
					"JucePlugin_Build_VST=0",
					"JucePlugin_Build_VST3=0",
					"JucePlugin_Build_AU=0",
					"JucePlugin_Build_AUv3=0",
					"JucePlugin_Build_RTAS=0",
					"JucePlugin_Build_AAX=0",
					"JucePlugin_Build_Standalone=0",
					"JucePlugin_Build_Unity=0",
				);
				GCC_VERSION = com.apple.compilers.llvm.clang.1_0;
				HEADER_SEARCH_PATHS = (
					"$(SRCROOT)/../../JuceLibraryCode",
					"/Applications/JUCE/modules",
					"$(inherited)",
				);
				INFOPLIST_FILE = Info-App.plist;
				INFOPLIST_PREPROCESS = NO;
				INSTALL_PATH = "$(HOME)/Applications";
				LLVM_LTO = YES;
				MACOSX_DEPLOYMENT_TARGET = 10.11;
				MTL_HEADER_SEARCH_PATHS = "$(SRCROOT)/../../JuceLibraryCode /Applications/JUCE/modules";
				PRODUCT_BUNDLE_IDENTIFIER = com.JUCE.SimpleSynthNoiseTutorial;
				PRODUCT_NAME = "SimpleSynthNoiseTutorial";
				PROVISIONING_PROFILE_SPECIFIER = "";
				USE_HEADERMAP = NO;
				VALID_ARCHS = "i386 x86_64 arm64 arm64e";
			};
			name = Release;
		};
		A5B74326081E394240AB1AE0 /* Release */ = {
			isa = XCBuildConfiguration;
			buildSettings = {
				ALWAYS_SEARCH_USER_PATHS = NO;
				CLANG_ENABLE_OBJC_WEAK = YES;
				CLANG_WARN_BLOCK_CAPTURE_AUTORELEASING = YES;
				CLANG_WARN_BOOL_CONVERSION = YES;
				CLANG_WARN_COMMA = YES;
				CLANG_WARN_CONSTANT_CONVERSION = YES;
				CLANG_WARN_DEPRECATED_OBJC_IMPLEMENTATIONS = YES;
				CLANG_WARN_EMPTY_BODY = YES;
				CLANG_WARN_ENUM_CONVERSION = YES;
				CLANG_WARN_INFINITE_RECURSION = YES;
				CLANG_WARN_INT_CONVERSION = YES;
				CLANG_WARN_NON_LITERAL_NULL_CONVERSION = YES;
				CLANG_WARN_OBJC_IMPLICIT_RETAIN_SELF = YES;
				CLANG_WARN_OBJC_LITERAL_CONVERSION = YES;
				CLANG_WARN_RANGE_LOOP_ANALYSIS = YES;
				CLANG_WARN_STRICT_PROTOTYPES = YES;
				CLANG_WARN_SUSPICIOUS_MOVE = YES;
				CLANG_WARN_UNREACHABLE_CODE = YES;
				CLANG_WARN__DUPLICATE_METHOD_MATCH = YES;
				CODE_SIGN_IDENTITY = "-";
				DEBUG_INFORMATION_FORMAT = dwarf;
				ENABLE_STRICT_OBJC_MSGSEND = YES;
				ENABLE_TESTABILITY = NO;
				GCC_C_LANGUAGE_STANDARD = c11;
				GCC_INLINES_ARE_PRIVATE_EXTERN = YES;
				GCC_MODEL_TUNING = G5;
				GCC_NO_COMMON_BLOCKS = YES;
				GCC_SYMBOLS_PRIVATE_EXTERN = YES;
				GCC_WARN_64_TO_32_BIT_CONVERSION = YES;
				GCC_WARN_ABOUT_RETURN_TYPE = YES;
				GCC_WARN_CHECK_SWITCH_STATEMENTS = YES;
				GCC_WARN_MISSING_PARENTHESES = YES;
				GCC_WARN_NON_VIRTUAL_DESTRUCTOR = YES;
				GCC_WARN_TYPECHECK_CALLS_TO_PRINTF = YES;
				GCC_WARN_UNDECLARED_SELECTOR = YES;
				GCC_WARN_UNINITIALIZED_AUTOS = YES;
				GCC_WARN_UNUSED_FUNCTION = YES;
				GCC_WARN_UNUSED_VARIABLE = YES;
				PRODUCT_NAME = "SimpleSynthNoiseTutorial";
				SDKROOT = macosx;
				WARNING_CFLAGS = "-Wreorder";
				ZERO_LINK = NO;
			};
			name = Release;
		};
/* End XCBuildConfiguration section */

/* Begin XCConfigurationList section */
		2D1C657A84B1D3552058849A = {
			isa = XCConfigurationList;
			buildConfigurations = (
				1817F747A3C0D930A5CBB98B,
				71905C31B1BF54DEE8CDFF64,
			);
			defaultConfigurationIsVisible = 0;
			defaultConfigurationName = Debug;
		};
		CE112F5873EEE865115BD782 = {
			isa = XCConfigurationList;
			buildConfigurations = (
				1E258E8DD5F2A08474514B82,
				A5B74326081E394240AB1AE0,
			);
			defaultConfigurationIsVisible = 0;
			defaultConfigurationName = Debug;
		};
/* End XCConfigurationList section */
	};
	rootObject = 9E1542D12773D292B543441F /* Project object */;
}
